
Microsoft Visual Studio Solution File, Format Version 11.00
# Visual Studio 2010
Project("{8BC9CEB8-8B4A-11D0-8D11-00A0C91BC942}") = "Auto_AI", "Auto_AI\Auto_AI.vcxproj", "{A26BA4FA-1AA3-436C-BE4D-6BA71A7A9517}"
EndProject
Global
	GlobalSection(SolutionConfigurationPlatforms) = preSolution
		Release|Win32 = Release|Win32
	EndGlobalSection
	GlobalSection(ProjectConfigurationPlatforms) = postSolution
		{A26BA4FA-1AA3-436C-BE4D-6BA71A7A9517}.Release|Win32.ActiveCfg = Release|Win32
		{A26BA4FA-1AA3-436C-BE4D-6BA71A7A9517}.Release|Win32.Build.0 = Release|Win32
	EndGlobalSection
	GlobalSection(SolutionProperties) = preSolution
		HideSolutionNode = FALSE
	EndGlobalSection
EndGlobal
